
Microsoft Visual Studio Solution File, Format Version 12.00
# Visual Studio Version 16
VisualStudioVersion = 16.0.30002.166
MinimumVisualStudioVersion = 10.0.40219.1
Project("{FAE04EC0-301F-11D3-BF4B-00C04F79EFBC}") = "SingleExecGen", "SingleExecGen\SingleExecGen.csproj", "{3BCE54B5-E6C0-4C2F-9810-2D475D57229B}"
EndProject
Global
	GlobalSection(SolutionConfigurationPlatforms) = preSolution
		Debug|Any CPU = Debug|Any CPU
		Release|Any CPU = Release|Any CPU
	EndGlobalSection
	GlobalSection(ProjectConfigurationPlatforms) = postSolution
		{3BCE54B5-E6C0-4C2F-9810-2D475D57229B}.Debug|Any CPU.ActiveCfg = Debug|Any CPU
		{3BCE54B5-E6C0-4C2F-9810-2D475D57229B}.Debug|Any CPU.Build.0 = Debug|Any CPU
		{3BCE54B5-E6C0-4C2F-9810-2D475D57229B}.Release|Any CPU.ActiveCfg = Release|Any CPU
		{3BCE54B5-E6C0-4C2F-9810-2D475D57229B}.Release|Any CPU.Build.0 = Release|Any CPU
	EndGlobalSection
	GlobalSection(SolutionProperties) = preSolution
		HideSolutionNode = FALSE
	EndGlobalSection
	GlobalSection(ExtensibilityGlobals) = postSolution
		SolutionGuid = {BBA63B79-2C3D-4716-8066-777B05125D8E}
	EndGlobalSection
EndGlobal
